
Microsoft Visual Studio Solution File, Format Version 12.00
# Visual Studio Version 17
VisualStudioVersion = 17.0.32014.148
MinimumVisualStudioVersion = 10.0.40219.1
Project("{FAE04EC0-301F-11D3-BF4B-00C04F79EFBC}") = "CSharp", "CSharp\CSharp.csproj", "{3B7DACF6-27D8-4915-A7BE-F93AB2AA3AB0}"
EndProject
Global
	GlobalSection(SolutionConfigurationPlatforms) = preSolution
		Debug|Any CPU = Debug|Any CPU
		Release|Any CPU = Release|Any CPU
	EndGlobalSection
	GlobalSection(ProjectConfigurationPlatforms) = postSolution
		{3B7DACF6-27D8-4915-A7BE-F93AB2AA3AB0}.Debug|Any CPU.ActiveCfg = Debug|Any CPU
		{3B7DACF6-27D8-4915-A7BE-F93AB2AA3AB0}.Debug|Any CPU.Build.0 = Debug|Any CPU
		{3B7DACF6-27D8-4915-A7BE-F93AB2AA3AB0}.Release|Any CPU.ActiveCfg = Release|Any CPU
		{3B7DACF6-27D8-4915-A7BE-F93AB2AA3AB0}.Release|Any CPU.Build.0 = Release|Any CPU
	EndGlobalSection
	GlobalSection(SolutionProperties) = preSolution
		HideSolutionNode = FALSE
	EndGlobalSection
	GlobalSection(ExtensibilityGlobals) = postSolution
		SolutionGuid = {D4AEB48D-1323-4C0E-938F-2581C505CC56}
	EndGlobalSection
EndGlobal
